
Microsoft Visual Studio Solution File, Format Version 12.00
# Visual Studio Version 17
VisualStudioVersion = 17.1.32228.430
MinimumVisualStudioVersion = 10.0.40219.1
Project("{8BC9CEB8-8B4A-11D0-8D11-00A0C91BC942}") = "ISE Project", "ISE Project\ISE Project.vcxproj", "{4B798C6E-0FFB-4DD9-ACE4-0A03CCFEEFA4}"
EndProject
Global
	GlobalSection(SolutionConfigurationPlatforms) = preSolution
		Debug|x64 = Debug|x64
		Debug|x86 = Debug|x86
		Release|x64 = Release|x64
		Release|x86 = Release|x86
	EndGlobalSection
	GlobalSection(ProjectConfigurationPlatforms) = postSolution
		{4B798C6E-0FFB-4DD9-ACE4-0A03CCFEEFA4}.Debug|x64.ActiveCfg = Debug|x64
		{4B798C6E-0FFB-4DD9-ACE4-0A03CCFEEFA4}.Debug|x64.Build.0 = Debug|x64
		{4B798C6E-0FFB-4DD9-ACE4-0A03CCFEEFA4}.Debug|x86.ActiveCfg = Debug|Win32
		{4B798C6E-0FFB-4DD9-ACE4-0A03CCFEEFA4}.Debug|x86.Build.0 = Debug|Win32
		{4B798C6E-0FFB-4DD9-ACE4-0A03CCFEEFA4}.Release|x64.ActiveCfg = Release|x64
		{4B798C6E-0FFB-4DD9-ACE4-0A03CCFEEFA4}.Release|x64.Build.0 = Release|x64
		{4B798C6E-0FFB-4DD9-ACE4-0A03CCFEEFA4}.Release|x86.ActiveCfg = Release|Win32
		{4B798C6E-0FFB-4DD9-ACE4-0A03CCFEEFA4}.Release|x86.Build.0 = Release|Win32
	EndGlobalSection
	GlobalSection(SolutionProperties) = preSolution
		HideSolutionNode = FALSE
	EndGlobalSection
	GlobalSection(ExtensibilityGlobals) = postSolution
		SolutionGuid = {9561FB0A-1DC5-4152-AC6F-2CE92BDB6AF0}
	EndGlobalSection
EndGlobal
